
Microsoft Visual Studio Solution File, Format Version 12.00
# Visual Studio Version 17
VisualStudioVersion = 17.13.35931.197 d17.13
MinimumVisualStudioVersion = 10.0.40219.1
Project("{888888A0-9F3D-457C-B088-3A5042F75D52}") = "Functions_Generators", "Functions_Generators\Functions_Generators.pyproj", "{60CD7CFB-98FF-490F-8EB3-2529B6EE3970}"
EndProject
Global
	GlobalSection(SolutionConfigurationPlatforms) = preSolution
		Debug|Any CPU = Debug|Any CPU
		Release|Any CPU = Release|Any CPU
	EndGlobalSection
	GlobalSection(ProjectConfigurationPlatforms) = postSolution
		{60CD7CFB-98FF-490F-8EB3-2529B6EE3970}.Debug|Any CPU.ActiveCfg = Debug|Any CPU
		{60CD7CFB-98FF-490F-8EB3-2529B6EE3970}.Release|Any CPU.ActiveCfg = Release|Any CPU
	EndGlobalSection
	GlobalSection(SolutionProperties) = preSolution
		HideSolutionNode = FALSE
	EndGlobalSection
	GlobalSection(ExtensibilityGlobals) = postSolution
		SolutionGuid = {E2824D0E-C051-49C0-A061-CCF29CC2B74F}
	EndGlobalSection
EndGlobal
